
Microsoft Visual Studio Solution File, Format Version 12.00
# Visual Studio Version 17
VisualStudioVersion = 17.6.33712.159
MinimumVisualStudioVersion = 10.0.40219.1
Project("{FAE04EC0-301F-11D3-BF4B-00C04F79EFBC}") = "Doctor-App-ReactNative", "Doctor-App-ReactNative\Doctor-App-ReactNative.csproj", "{40852160-2426-4CBA-A0B0-214772C7D4E3}"
EndProject
Global
	GlobalSection(SolutionConfigurationPlatforms) = preSolution
		Debug|Any CPU = Debug|Any CPU
		Release|Any CPU = Release|Any CPU
	EndGlobalSection
	GlobalSection(ProjectConfigurationPlatforms) = postSolution
		{40852160-2426-4CBA-A0B0-214772C7D4E3}.Debug|Any CPU.ActiveCfg = Debug|Any CPU
		{40852160-2426-4CBA-A0B0-214772C7D4E3}.Debug|Any CPU.Build.0 = Debug|Any CPU
		{40852160-2426-4CBA-A0B0-214772C7D4E3}.Release|Any CPU.ActiveCfg = Release|Any CPU
		{40852160-2426-4CBA-A0B0-214772C7D4E3}.Release|Any CPU.Build.0 = Release|Any CPU
	EndGlobalSection
	GlobalSection(SolutionProperties) = preSolution
		HideSolutionNode = FALSE
	EndGlobalSection
	GlobalSection(ExtensibilityGlobals) = postSolution
		SolutionGuid = {A2007A0E-C642-4C7B-A9F7-82C8EA8AA8CC}
	EndGlobalSection
EndGlobal
